
Microsoft Visual Studio Solution File, Format Version 12.00
# Visual Studio Version 17
VisualStudioVersion = 17.6.33815.320
MinimumVisualStudioVersion = 10.0.40219.1
Project("{FAE04EC0-301F-11D3-BF4B-00C04F79EFBC}") = "ListStaffStruct", "ListStaffStruct.csproj", "{DF125E50-3034-4A06-88AB-080669235409}"
EndProject
Global
	GlobalSection(SolutionConfigurationPlatforms) = preSolution
		Debug|Any CPU = Debug|Any CPU
		Release|Any CPU = Release|Any CPU
	EndGlobalSection
	GlobalSection(ProjectConfigurationPlatforms) = postSolution
		{DF125E50-3034-4A06-88AB-080669235409}.Debug|Any CPU.ActiveCfg = Debug|Any CPU
		{DF125E50-3034-4A06-88AB-080669235409}.Debug|Any CPU.Build.0 = Debug|Any CPU
		{DF125E50-3034-4A06-88AB-080669235409}.Release|Any CPU.ActiveCfg = Release|Any CPU
		{DF125E50-3034-4A06-88AB-080669235409}.Release|Any CPU.Build.0 = Release|Any CPU
	EndGlobalSection
	GlobalSection(SolutionProperties) = preSolution
		HideSolutionNode = FALSE
	EndGlobalSection
	GlobalSection(ExtensibilityGlobals) = postSolution
		SolutionGuid = {65E0FD9F-698F-4B9C-BC93-1D3E07006D59}
	EndGlobalSection
EndGlobal
